// !$*UTF8*$!
{
	archiveVersion = 1;
	classes = {
	};
	objectVersion = 48;
	objects = {

/* Begin PBXBuildFile section */
		F674499B1F4D253A00A2B388 /* AppDelegate.swift in Sources */ = {isa = PBXBuildFile; fileRef = F674499A1F4D253A00A2B388 /* AppDelegate.swift */; };
		F674499D1F4D253A00A2B388 /* ViewController.swift in Sources */ = {isa = PBXBuildFile; fileRef = F674499C1F4D253A00A2B388 /* ViewController.swift */; };
		F67449A01F4D253A00A2B388 /* Main.storyboard in Resources */ = {isa = PBXBuildFile; fileRef = F674499E1F4D253A00A2B388 /* Main.storyboard */; };
		F67449A21F4D253A00A2B388 /* Assets.xcassets in Resources */ = {isa = PBXBuildFile; fileRef = F67449A11F4D253A00A2B388 /* Assets.xcassets */; };
		F67449A51F4D253A00A2B388 /* LaunchScreen.storyboard in Resources */ = {isa = PBXBuildFile; fileRef = F67449A31F4D253A00A2B388 /* LaunchScreen.storyboard */; };
/* End PBXBuildFile section */

/* Begin PBXFileReference section */
		F67449971F4D253A00A2B388 /* save yourself.app */ = {isa = PBXFileReference; explicitFileType = wrapper.application; includeInIndex = 0; path = "save yourself.app"; sourceTree = BUILT_PRODUCTS_DIR; };
		F674499A1F4D253A00A2B388 /* AppDelegate.swift */ = {isa = PBXFileReference; lastKnownFileType = sourcecode.swift; path = AppDelegate.swift; sourceTree = "<group>"; };
		F674499C1F4D253A00A2B388 /* ViewController.swift */ = {isa = PBXFileReference; lastKnownFileType = sourcecode.swift; path = ViewController.swift; sourceTree = "<group>"; };
		F674499F1F4D253A00A2B388 /* Base */ = {isa = PBXFileReference; lastKnownFileType = file.storyboard; name = Base; path = Base.lproj/Main.storyboard; sourceTree = "<group>"; };
		F67449A11F4D253A00A2B388 /* Assets.xcassets */ = {isa = PBXFileReference; lastKnownFileType = folder.assetcatalog; path = Assets.xcassets; sourceTree = "<group>"; };
		F67449A41F4D253A00A2B388 /* Base */ = {isa = PBXFileReference; lastKnownFileType = file.storyboard; name = Base; path = Base.lproj/LaunchScreen.storyboard; sourceTree = "<group>"; };
		F67449A61F4D253A00A2B388 /* Info.plist */ = {isa = PBXFileReference; lastKnownFileType = text.plist.xml; path = Info.plist; sourceTree = "<group>"; };
/* End PBXFileReference section */

/* Begin PBXFrameworksBuildPhase section */
		F67449941F4D253A00A2B388 /* Frameworks */ = {
			isa = PBXFrameworksBuildPhase;
			buildActionMask = 2147483647;
			files = (
			);
			runOnlyForDeploymentPostprocessing = 0;
		};
/* End PBXFrameworksBuildPhase section */

/* Begin PBXGroup section */
		F674498E1F4D253A00A2B388 = {
			isa = PBXGroup;
			children = (
				F67449991F4D253A00A2B388 /* save yourself */,
				F67449981F4D253A00A2B388 /* Products */,
			);
			sourceTree = "<group>";
		};
		F67449981F4D253A00A2B388 /* Products */ = {
			isa = PBXGroup;
			children = (
				F67449971F4D253A00A2B388 /* save yourself.app */,
			);
			name = Products;
			sourceTree = "<group>";
		};
		F67449991F4D253A00A2B388 /* save yourself */ = {
			isa = PBXGroup;
			children = (
				F674499A1F4D253A00A2B388 /* AppDelegate.swift */,
				F674499C1F4D253A00A2B388 /* ViewController.swift */,
				F674499E1F4D253A00A2B388 /* Main.storyboard */,
				F67449A11F4D253A00A2B388 /* Assets.xcassets */,
				F67449A31F4D253A00A2B388 /* LaunchScreen.storyboard */,
				F67449A61F4D253A00A2B388 /* Info.plist */,
			);
			path = "save yourself";
			sourceTree = "<group>";
		};
/* End PBXGroup section */

/* Begin PBXNativeTarget section */
		F67449961F4D253A00A2B388 /* save yourself */ = {
			isa = PBXNativeTarget;
			buildConfigurationList = F67449A91F4D253A00A2B388 /* Build configuration list for PBXNativeTarget "save yourself" */;
			buildPhases = (
				F67449931F4D253A00A2B388 /* Sources */,
				F67449941F4D253A00A2B388 /* Frameworks */,
				F67449951F4D253A00A2B388 /* Resources */,
			);
			buildRules = (
			);
			dependencies = (
			);
			name = "save yourself";
			productName = "save yourself";
			productReference = F67449971F4D253A00A2B388 /* save yourself.app */;
			productType = "com.apple.product-type.application";
		};
/* End PBXNativeTarget section */

/* Begin PBXProject section */
		F674498F1F4D253A00A2B388 /* Project object */ = {
			isa = PBXProject;
			attributes = {
				LastSwiftUpdateCheck = 0900;
				LastUpgradeCheck = 0900;
				ORGANIZATIONNAME = "Eric Salas";
				TargetAttributes = {
					F67449961F4D253A00A2B388 = {
						CreatedOnToolsVersion = 9.0;
					};
				};
			};
			buildConfigurationList = F67449921F4D253A00A2B388 /* Build configuration list for PBXProject "save yourself" */;
			compatibilityVersion = "Xcode 8.0";
			developmentRegion = en;
			hasScannedForEncodings = 0;
			knownRegions = (
				en,
				Base,
			);
			mainGroup = F674498E1F4D253A00A2B388;
			productRefGroup = F67449981F4D253A00A2B388 /* Products */;
			projectDirPath = "";
			projectRoot = "";
			targets = (
				F67449961F4D253A00A2B388 /* save yourself */,
			);
		};
/* End PBXProject section */

/* Begin PBXResourcesBuildPhase section */
		F67449951F4D253A00A2B388 /* Resources */ = {
			isa = PBXResourcesBuildPhase;
			buildActionMask = 2147483647;
			files = (
				F67449A51F4D253A00A2B388 /* LaunchScreen.storyboard in Resources */,
				F67449A21F4D253A00A2B388 /* Assets.xcassets in Resources */,
				F67449A01F4D253A00A2B388 /* Main.storyboard in Resources */,
			);
			runOnlyForDeploymentPostprocessing = 0;
		};
/* End PBXResourcesBuildPhase section */

/* Begin PBXSourcesBuildPhase section */
		F67449931F4D253A00A2B388 /* Sources */ = {
			isa = PBXSourcesBuildPhase;
			buildActionMask = 2147483647;
			files = (
				F674499D1F4D253A00A2B388 /* ViewController.swift in Sources */,
				F674499B1F4D253A00A2B388 /* AppDelegate.swift in Sources */,
			);
			runOnlyForDeploymentPostprocessing = 0;
		};
/* End PBXSourcesBuildPhase section */

/* Begin PBXVariantGroup section */
		F674499E1F4D253A00A2B388 /* Main.storyboard */ = {
			isa = PBXVariantGroup;
			children = (
				F674499F1F4D253A00A2B388 /* Base */,
			);
			name = Main.storyboard;
			sourceTree = "<group>";
		};
		F67449A31F4D253A00A2B388 /* LaunchScreen.storyboard */ = {
			isa = PBXVariantGroup;
			children = (
				F67449A41F4D253A00A2B388 /* Base */,
			);
			name = LaunchScreen.storyboard;
			sourceTree = "<group>";
		};
/* End PBXVariantGroup section */

/* Begin XCBuildConfiguration section */
		F67449A71F4D253A00A2B388 /* Debug */ = {
			isa = XCBuildConfiguration;
			buildSettings = {
				ALWAYS_SEARCH_USER_PATHS = NO;
				CLANG_ANALYZER_NONNULL = YES;
				CLANG_ANALYZER_NUMBER_OBJECT_CONVERSION = YES_AGGRESSIVE;
				CLANG_CXX_LANGUAGE_STANDARD = "gnu++14";
				CLANG_CXX_LIBRARY = "libc++";
				CLANG_ENABLE_MODULES = YES;
				CLANG_ENABLE_OBJC_ARC = YES;
				CLANG_WARN_BLOCK_CAPTURE_AUTORELEASING = YES;
				CLANG_WARN_BOOL_CONVERSION = YES;
				CLANG_WARN_COMMA = YES;
				CLANG_WARN_CONSTANT_CONVERSION = YES;
				CLANG_WARN_DIRECT_OBJC_ISA_USAGE = YES_ERROR;
				CLANG_WARN_DOCUMENTATION_COMMENTS = YES;
				CLANG_WARN_EMPTY_BODY = YES;
				CLANG_WARN_ENUM_CONVERSION = YES;
				CLANG_WARN_INFINITE_RECURSION = YES;
				CLANG_WARN_INT_CONVERSION = YES;
				CLANG_WARN_NON_LITERAL_NULL_CONVERSION = YES;
				CLANG_WARN_OBJC_LITERAL_CONVERSION = YES;
				CLANG_WARN_OBJC_ROOT_CLASS = YES_ERROR;
				CLANG_WARN_RANGE_LOOP_ANALYSIS = YES;
				CLANG_WARN_STRICT_PROTOTYPES = YES;
				CLANG_WARN_SUSPICIOUS_MOVE = YES;
				CLANG_WARN_UNGUARDED_AVAILABILITY = YES_AGGRESSIVE;
				CLANG_WARN_UNREACHABLE_CODE = YES;
				CLANG_WARN__DUPLICATE_METHOD_MATCH = YES;
				CODE_SIGN_IDENTITY = "iPhone Developer";
				COPY_PHASE_STRIP = NO;
				DEBUG_INFORMATION_FORMAT = dwarf;
				ENABLE_STRICT_OBJC_MSGSEND = YES;
				ENABLE_TESTABILITY = YES;
				GCC_C_LANGUAGE_STANDARD = gnu11;
				GCC_DYNAMIC_NO_PIC = NO;
				GCC_NO_COMMON_BLOCKS = YES;
				GCC_OPTIMIZATION_LEVEL = 0;
				GCC_PREPROCESSOR_DEFINITIONS = (
					"DEBUG=1",
					"$(inherited)",
				);
				GCC_WARN_64_TO_32_BIT_CONVERSION = YES;
				GCC_WARN_ABOUT_RETURN_TYPE = YES_ERROR;
				GCC_WARN_UNDECLARED_SELECTOR = YES;
				GCC_WARN_UNINITIALIZED_AUTOS = YES_AGGRESSIVE;
				GCC_WARN_UNUSED_FUNCTION = YES;
				GCC_WARN_UNUSED_VARIABLE = YES;
				IPHONEOS_DEPLOYMENT_TARGET = 11.0;
				MTL_ENABLE_DEBUG_INFO = YES;
				ONLY_ACTIVE_ARCH = YES;
				SDKROOT = iphoneos;
				SWIFT_ACTIVE_COMPILATION_CONDITIONS = DEBUG;
				SWIFT_OPTIMIZATION_LEVEL = "-Onone";
			};
			name = Debug;
		};
		F67449A81F4D253A00A2B388 /* Release */ = {
			isa = XCBuildConfiguration;
			buildSettings = {
				ALWAYS_SEARCH_USER_PATHS = NO;
				CLANG_ANALYZER_NONNULL = YES;
				CLANG_ANALYZER_NUMBER_OBJECT_CONVERSION = YES_AGGRESSIVE;
				CLANG_CXX_LANGUAGE_STANDARD = "gnu++14";
				CLANG_CXX_LIBRARY = "libc++";
				CLANG_ENABLE_MODULES = YES;
				CLANG_ENABLE_OBJC_ARC = YES;
				CLANG_WARN_BLOCK_CAPTURE_AUTORELEASING = YES;
				CLANG_WARN_BOOL_CONVERSION = YES;
				CLANG_WARN_COMMA = YES;
				CLANG_WARN_CONSTANT_CONVERSION = YES;
				CLANG_WARN_DIRECT_OBJC_ISA_USAGE = YES_ERROR;
				CLANG_WARN_DOCUMENTATION_COMMENTS = YES;
				CLANG_WARN_EMPTY_BODY = YES;
				CLANG_WARN_ENUM_CONVERSION = YES;
				CLANG_WARN_INFINITE_RECURSION = YES;
				CLANG_WARN_INT_CONVERSION = YES;
				CLANG_WARN_NON_LITERAL_NULL_CONVERSION = YES;
				CLANG_WARN_OBJC_LITERAL_CONVERSION = YES;
				CLANG_WARN_OBJC_ROOT_CLASS = YES_ERROR;
				CLANG_WARN_RANGE_LOOP_ANALYSIS = YES;
				CLANG_WARN_STRICT_PROTOTYPES = YES;
				CLANG_WARN_SUSPICIOUS_MOVE = YES;
				CLANG_WARN_UNGUARDED_AVAILABILITY = YES_AGGRESSIVE;
				CLANG_WARN_UNREACHABLE_CODE = YES;
				CLANG_WARN__DUPLICATE_METHOD_MATCH = YES;
				CODE_SIGN_IDENTITY = "iPhone Developer";
				COPY_PHASE_STRIP = NO;
				DEBUG_INFORMATION_FORMAT = "dwarf-with-dsym";
				ENABLE_NS_ASSERTIONS = NO;
				ENABLE_STRICT_OBJC_MSGSEND = YES;
				GCC_C_LANGUAGE_STANDARD = gnu11;
				GCC_NO_COMMON_BLOCKS = YES;
				GCC_WARN_64_TO_32_BIT_CONVERSION = YES;
				GCC_WARN_ABOUT_RETURN_TYPE = YES_ERROR;
				GCC_WARN_UNDECLARED_SELECTOR = YES;
				GCC_WARN_UNINITIALIZED_AUTOS = YES_AGGRESSIVE;
				GCC_WARN_UNUSED_FUNCTION = YES;
				GCC_WARN_UNUSED_VARIABLE = YES;
				IPHONEOS_DEPLOYMENT_TARGET = 11.0;
				MTL_ENABLE_DEBUG_INFO = NO;
				SDKROOT = iphoneos;
				SWIFT_OPTIMIZATION_LEVEL = "-Owholemodule";
				VALIDATE_PRODUCT = YES;
			};
			name = Release;
		};
		F67449AA1F4D253A00A2B388 /* Debug */ = {
			isa = XCBuildConfiguration;
			buildSettings = {
				ASSETCATALOG_COMPILER_APPICON_NAME = AppIcon;
				DEVELOPMENT_TEAM = RY7U4U3X7W;
				INFOPLIST_FILE = "save yourself/Info.plist";
				LD_RUNPATH_SEARCH_PATHS = "$(inherited) @executable_path/Frameworks";
				PRODUCT_BUNDLE_IDENTIFIER = "com.saturdaysgravy.save-yourself";
				PRODUCT_NAME = "$(TARGET_NAME)";
				SWIFT_VERSION = 4.0;
				TARGETED_DEVICE_FAMILY = "1,2";
			};
			name = Debug;
		};
		F67449AB1F4D253A00A2B388 /* Release */ = {
			isa = XCBuildConfiguration;
			buildSettings = {
				ASSETCATALOG_COMPILER_APPICON_NAME = AppIcon;
				DEVELOPMENT_TEAM = RY7U4U3X7W;
				INFOPLIST_FILE = "save yourself/Info.plist";
				LD_RUNPATH_SEARCH_PATHS = "$(inherited) @executable_path/Frameworks";
				PRODUCT_BUNDLE_IDENTIFIER = "com.saturdaysgravy.save-yourself";
				PRODUCT_NAME = "$(TARGET_NAME)";
				SWIFT_VERSION = 4.0;
				TARGETED_DEVICE_FAMILY = "1,2";
			};
			name = Release;
		};
/* End XCBuildConfiguration section */

/* Begin XCConfigurationList section */
		F67449921F4D253A00A2B388 /* Build configuration list for PBXProject "save yourself" */ = {
			isa = XCConfigurationList;
			buildConfigurations = (
				F67449A71F4D253A00A2B388 /* Debug */,
				F67449A81F4D253A00A2B388 /* Release */,
			);
			defaultConfigurationIsVisible = 0;
			defaultConfigurationName = Release;
		};
		F67449A91F4D253A00A2B388 /* Build configuration list for PBXNativeTarget "save yourself" */ = {
			isa = XCConfigurationList;
			buildConfigurations = (
				F67449AA1F4D253A00A2B388 /* Debug */,
				F67449AB1F4D253A00A2B388 /* Release */,
			);
			defaultConfigurationIsVisible = 0;
			defaultConfigurationName = Release;
		};
/* End XCConfigurationList section */
	};
	rootObject = F674498F1F4D253A00A2B388 /* Project object */;
}
